{
  "nodes": {
    "janet-lsp-nix": {
      "flake": false,
      "locked": {
        "lastModified": 1779873787,
        "narHash": "sha256-GPN+JxRHVyL3QwWDj/GU9nOCuoB4ywuBonebF7X/R54=",
        "owner": "Blue-Berry",
        "repo": "janet-lsp.nix",
        "rev": "98385eeacff35b02bd4458cae01be5370bdcc3c2",
        "type": "github"
      },
      "original": {
        "owner": "Blue-Berry",
        "repo": "janet-lsp.nix",
        "type": "github"
      }
    },
    "nixpkgs": {
      "locked": {
        "lastModified": 1788752844,
        "narHash": "sha256-VaWGJ6+cIYN2erfSecbRV+4ljI185Ty2wUrXyvQbgOw=",
        "owner": "NixOS",
        "repo": "nixpkgs",
        "rev": "dc5d91f840324650bac8c379428c7037a416959a",
        "type": "github"
      },
      "original": {
        "owner": "NixOS",
        "ref": "nixos-unstable",
        "repo": "nixpkgs",
        "type": "github"
      }
    },
    "root": {
      "inputs": {
        "janet-lsp-nix": "janet-lsp-nix",
        "nixpkgs": "nixpkgs",
        "spork": "spork"
      }
    },
    "spork": {
      "flake": false,
      "locked": {
        "lastModified": 1788526829,
        "narHash": "sha256-F/wU9XBvsL56JySUzcYdC/w+ETn9c2L3AdEgs5tInyY=",
        "owner": "janet-lang",
        "repo": "spork",
        "rev": "0667f96b74de52747ffe5e19e185563ebf53816b",
        "type": "github"
      },
      "original": {
        "owner": "janet-lang",
        "repo": "spork",
        "type": "github"
      }
    }
  },
  "root": "root",
  "version": 7
}
